
Microsoft Visual Studio Solution File, Format Version 12.00
# Visual Studio Version 17
VisualStudioVersion = 17.4.33205.214
MinimumVisualStudioVersion = 10.0.40219.1
Project("{9A19103F-16F7-4668-BE54-9A1E7A4F7556}") = "Domain", "Domain\Domain.csproj", "{DFEA6181-4A0D-4F2F-8482-5D929B0D1114}"
EndProject
Project("{9A19103F-16F7-4668-BE54-9A1E7A4F7556}") = "Infrastructure", "Infrastructure\Infrastructure.csproj", "{330AFB8A-47DE-4E7F-A72A-E3BD7C88A390}"
EndProject
Project("{9A19103F-16F7-4668-BE54-9A1E7A4F7556}") = "Presentation", "Presentation\Presentation.csproj", "{9AA1EFDB-ADED-4D1E-B55A-C608005378E4}"
EndProject
Global
	GlobalSection(SolutionConfigurationPlatforms) = preSolution
		Debug|Any CPU = Debug|Any CPU
		Release|Any CPU = Release|Any CPU
	EndGlobalSection
	GlobalSection(ProjectConfigurationPlatforms) = postSolution
		{DFEA6181-4A0D-4F2F-8482-5D929B0D1114}.Debug|Any CPU.ActiveCfg = Debug|Any CPU
		{DFEA6181-4A0D-4F2F-8482-5D929B0D1114}.Debug|Any CPU.Build.0 = Debug|Any CPU
		{DFEA6181-4A0D-4F2F-8482-5D929B0D1114}.Release|Any CPU.ActiveCfg = Release|Any CPU
		{DFEA6181-4A0D-4F2F-8482-5D929B0D1114}.Release|Any CPU.Build.0 = Release|Any CPU
		{330AFB8A-47DE-4E7F-A72A-E3BD7C88A390}.Debug|Any CPU.ActiveCfg = Debug|Any CPU
		{330AFB8A-47DE-4E7F-A72A-E3BD7C88A390}.Debug|Any CPU.Build.0 = Debug|Any CPU
		{330AFB8A-47DE-4E7F-A72A-E3BD7C88A390}.Release|Any CPU.ActiveCfg = Release|Any CPU
		{330AFB8A-47DE-4E7F-A72A-E3BD7C88A390}.Release|Any CPU.Build.0 = Release|Any CPU
		{9AA1EFDB-ADED-4D1E-B55A-C608005378E4}.Debug|Any CPU.ActiveCfg = Debug|Any CPU
		{9AA1EFDB-ADED-4D1E-B55A-C608005378E4}.Debug|Any CPU.Build.0 = Debug|Any CPU
		{9AA1EFDB-ADED-4D1E-B55A-C608005378E4}.Release|Any CPU.ActiveCfg = Release|Any CPU
		{9AA1EFDB-ADED-4D1E-B55A-C608005378E4}.Release|Any CPU.Build.0 = Release|Any CPU
	EndGlobalSection
	GlobalSection(SolutionProperties) = preSolution
		HideSolutionNode = FALSE
	EndGlobalSection
	GlobalSection(ExtensibilityGlobals) = postSolution
		SolutionGuid = {03F8C327-49FD-432E-93F4-A8C04E2786F5}
	EndGlobalSection
EndGlobal
